// !$*UTF8*$!
{
	archiveVersion = 1;
	classes = {
	};
	objectVersion = 55;
	objects = {

/* Begin PBXBuildFile section */
		2A4FD21328CF5232006891A3 /* TouchdownApp.swift in Sources */ = {isa = PBXBuildFile; fileRef = 2A4FD21228CF5232006891A3 /* TouchdownApp.swift */; };
		2A4FD21528CF5232006891A3 /* ContentView.swift in Sources */ = {isa = PBXBuildFile; fileRef = 2A4FD21428CF5232006891A3 /* ContentView.swift */; };
		2A4FD21728CF5235006891A3 /* Assets.xcassets in Resources */ = {isa = PBXBuildFile; fileRef = 2A4FD21628CF5235006891A3 /* Assets.xcassets */; };
		2A4FD21A28CF5235006891A3 /* Preview Assets.xcassets in Resources */ = {isa = PBXBuildFile; fileRef = 2A4FD21928CF5235006891A3 /* Preview Assets.xcassets */; };
		2A4FD22428CF5235006891A3 /* TouchdownTests.swift in Sources */ = {isa = PBXBuildFile; fileRef = 2A4FD22328CF5235006891A3 /* TouchdownTests.swift */; };
		2A4FD22E28CF5235006891A3 /* TouchdownUITests.swift in Sources */ = {isa = PBXBuildFile; fileRef = 2A4FD22D28CF5235006891A3 /* TouchdownUITests.swift */; };
		2A4FD23028CF5235006891A3 /* TouchdownUITestsLaunchTests.swift in Sources */ = {isa = PBXBuildFile; fileRef = 2A4FD22F28CF5235006891A3 /* TouchdownUITestsLaunchTests.swift */; };
		2A4FD24C28CF5522006891A3 /* brand.json in Resources */ = {isa = PBXBuildFile; fileRef = 2A4FD24828CF5522006891A3 /* brand.json */; };
		2A4FD24D28CF5522006891A3 /* product.json in Resources */ = {isa = PBXBuildFile; fileRef = 2A4FD24928CF5522006891A3 /* product.json */; };
		2A4FD24E28CF5522006891A3 /* player.json in Resources */ = {isa = PBXBuildFile; fileRef = 2A4FD24A28CF5522006891A3 /* player.json */; };
		2A4FD24F28CF5522006891A3 /* category.json in Resources */ = {isa = PBXBuildFile; fileRef = 2A4FD24B28CF5522006891A3 /* category.json */; };
		2A4FD25928CF577B006891A3 /* Constant.swift in Sources */ = {isa = PBXBuildFile; fileRef = 2A4FD25828CF577B006891A3 /* Constant.swift */; };
		2A4FD25B28CF5845006891A3 /* FooterView.swift in Sources */ = {isa = PBXBuildFile; fileRef = 2A4FD25A28CF5845006891A3 /* FooterView.swift */; };
		2A4FD25E28CF5C96006891A3 /* NavigationBarView.swift in Sources */ = {isa = PBXBuildFile; fileRef = 2A4FD25D28CF5C96006891A3 /* NavigationBarView.swift */; };
		2A4FD26028CF5EAE006891A3 /* LogoView.swift in Sources */ = {isa = PBXBuildFile; fileRef = 2A4FD25F28CF5EAE006891A3 /* LogoView.swift */; };
		2A4FD26228CF63DC006891A3 /* PlayerModel.swift in Sources */ = {isa = PBXBuildFile; fileRef = 2A4FD26128CF63DC006891A3 /* PlayerModel.swift */; };
		2A4FD26428CF641A006891A3 /* CodableBundle.swift in Sources */ = {isa = PBXBuildFile; fileRef = 2A4FD26328CF641A006891A3 /* CodableBundle.swift */; };
		2A4FD26628CF65C9006891A3 /* FeatureItemView.swift in Sources */ = {isa = PBXBuildFile; fileRef = 2A4FD26528CF65C9006891A3 /* FeatureItemView.swift */; };
		2A4FD26828CF66A6006891A3 /* FeaturedTabView.swift in Sources */ = {isa = PBXBuildFile; fileRef = 2A4FD26728CF66A6006891A3 /* FeaturedTabView.swift */; };
		2A4FD26A28CF6B9A006891A3 /* CategoryModel.swift in Sources */ = {isa = PBXBuildFile; fileRef = 2A4FD26928CF6B9A006891A3 /* CategoryModel.swift */; };
		2A4FD26C28CF6D1D006891A3 /* CategoryItemView.swift in Sources */ = {isa = PBXBuildFile; fileRef = 2A4FD26B28CF6D1D006891A3 /* CategoryItemView.swift */; };
		2A4FD26E28CF6E87006891A3 /* CategoryGridView.swift in Sources */ = {isa = PBXBuildFile; fileRef = 2A4FD26D28CF6E87006891A3 /* CategoryGridView.swift */; };
		2A4FD27028CF709E006891A3 /* SectionView.swift in Sources */ = {isa = PBXBuildFile; fileRef = 2A4FD26F28CF709E006891A3 /* SectionView.swift */; };
		2A4FD27228CF72EE006891A3 /* TitleView.swift in Sources */ = {isa = PBXBuildFile; fileRef = 2A4FD27128CF72EE006891A3 /* TitleView.swift */; };
		2A4FD27428CF73B6006891A3 /* ProductModel.swift in Sources */ = {isa = PBXBuildFile; fileRef = 2A4FD27328CF73B6006891A3 /* ProductModel.swift */; };
		2A4FD27628CF744B006891A3 /* ProductItemView.swift in Sources */ = {isa = PBXBuildFile; fileRef = 2A4FD27528CF744B006891A3 /* ProductItemView.swift */; };
		2A4FD27828CF7AC5006891A3 /* BrandModel.swift in Sources */ = {isa = PBXBuildFile; fileRef = 2A4FD27728CF7AC5006891A3 /* BrandModel.swift */; };
		2A4FD27A28CF7B56006891A3 /* BrandItemView.swift in Sources */ = {isa = PBXBuildFile; fileRef = 2A4FD27928CF7B56006891A3 /* BrandItemView.swift */; };
		2A4FD27C28CF7C15006891A3 /* BrandGridView.swift in Sources */ = {isa = PBXBuildFile; fileRef = 2A4FD27B28CF7C15006891A3 /* BrandGridView.swift */; };
		2A4FD27E28CF7E3D006891A3 /* ProductDetailView.swift in Sources */ = {isa = PBXBuildFile; fileRef = 2A4FD27D28CF7E3D006891A3 /* ProductDetailView.swift */; };
		2A4FD28028CF7F69006891A3 /* NavigationBarDetailView.swift in Sources */ = {isa = PBXBuildFile; fileRef = 2A4FD27F28CF7F69006891A3 /* NavigationBarDetailView.swift */; };
		2A4FD28228CF80A2006891A3 /* HeaderDetailView.swift in Sources */ = {isa = PBXBuildFile; fileRef = 2A4FD28128CF80A2006891A3 /* HeaderDetailView.swift */; };
		2A4FD28428CF8184006891A3 /* TopPartDetailView.swift in Sources */ = {isa = PBXBuildFile; fileRef = 2A4FD28328CF8184006891A3 /* TopPartDetailView.swift */; };
		2A4FD28628CF84D9006891A3 /* CustomShape.swift in Sources */ = {isa = PBXBuildFile; fileRef = 2A4FD28528CF84D9006891A3 /* CustomShape.swift */; };
		2A94B79528D0A3FD003DE56F /* RatingsSizesDetailView.swift in Sources */ = {isa = PBXBuildFile; fileRef = 2A94B79428D0A3FD003DE56F /* RatingsSizesDetailView.swift */; };
		2A94B79728D0A763003DE56F /* FavouriteDetailView.swift in Sources */ = {isa = PBXBuildFile; fileRef = 2A94B79628D0A763003DE56F /* FavouriteDetailView.swift */; };
		2A94B79928D0A9A1003DE56F /* AddToCartDetailView.swift in Sources */ = {isa = PBXBuildFile; fileRef = 2A94B79828D0A9A1003DE56F /* AddToCartDetailView.swift */; };
		2A94B79B28D0AB21003DE56F /* Shop.swift in Sources */ = {isa = PBXBuildFile; fileRef = 2A94B79A28D0AB21003DE56F /* Shop.swift */; };
/* End PBXBuildFile section */

/* Begin PBXContainerItemProxy section */
		2A4FD22028CF5235006891A3 /* PBXContainerItemProxy */ = {
			isa = PBXContainerItemProxy;
			containerPortal = 2A4FD20728CF5232006891A3 /* Project object */;
			proxyType = 1;
			remoteGlobalIDString = 2A4FD20E28CF5232006891A3;
			remoteInfo = Touchdown;
		};
		2A4FD22A28CF5235006891A3 /* PBXContainerItemProxy */ = {
			isa = PBXContainerItemProxy;
			containerPortal = 2A4FD20728CF5232006891A3 /* Project object */;
			proxyType = 1;
			remoteGlobalIDString = 2A4FD20E28CF5232006891A3;
			remoteInfo = Touchdown;
		};
/* End PBXContainerItemProxy section */

/* Begin PBXFileReference section */
		2A4FD20F28CF5232006891A3 /* Touchdown.app */ = {isa = PBXFileReference; explicitFileType = wrapper.application; includeInIndex = 0; path = Touchdown.app; sourceTree = BUILT_PRODUCTS_DIR; };
		2A4FD21228CF5232006891A3 /* TouchdownApp.swift */ = {isa = PBXFileReference; lastKnownFileType = sourcecode.swift; path = TouchdownApp.swift; sourceTree = "<group>"; };
		2A4FD21428CF5232006891A3 /* ContentView.swift */ = {isa = PBXFileReference; lastKnownFileType = sourcecode.swift; path = ContentView.swift; sourceTree = "<group>"; };
		2A4FD21628CF5235006891A3 /* Assets.xcassets */ = {isa = PBXFileReference; lastKnownFileType = folder.assetcatalog; path = Assets.xcassets; sourceTree = "<group>"; };
		2A4FD21928CF5235006891A3 /* Preview Assets.xcassets */ = {isa = PBXFileReference; lastKnownFileType = folder.assetcatalog; path = "Preview Assets.xcassets"; sourceTree = "<group>"; };
		2A4FD21F28CF5235006891A3 /* TouchdownTests.xctest */ = {isa = PBXFileReference; explicitFileType = wrapper.cfbundle; includeInIndex = 0; path = TouchdownTests.xctest; sourceTree = BUILT_PRODUCTS_DIR; };
		2A4FD22328CF5235006891A3 /* TouchdownTests.swift */ = {isa = PBXFileReference; lastKnownFileType = sourcecode.swift; path = TouchdownTests.swift; sourceTree = "<group>"; };
		2A4FD22928CF5235006891A3 /* TouchdownUITests.xctest */ = {isa = PBXFileReference; explicitFileType = wrapper.cfbundle; includeInIndex = 0; path = TouchdownUITests.xctest; sourceTree = BUILT_PRODUCTS_DIR; };
		2A4FD22D28CF5235006891A3 /* TouchdownUITests.swift */ = {isa = PBXFileReference; lastKnownFileType = sourcecode.swift; path = TouchdownUITests.swift; sourceTree = "<group>"; };
		2A4FD22F28CF5235006891A3 /* TouchdownUITestsLaunchTests.swift */ = {isa = PBXFileReference; lastKnownFileType = sourcecode.swift; path = TouchdownUITestsLaunchTests.swift; sourceTree = "<group>"; };
		2A4FD24828CF5522006891A3 /* brand.json */ = {isa = PBXFileReference; fileEncoding = 4; lastKnownFileType = text.json; path = brand.json; sourceTree = "<group>"; };
		2A4FD24928CF5522006891A3 /* product.json */ = {isa = PBXFileReference; fileEncoding = 4; lastKnownFileType = text.json; path = product.json; sourceTree = "<group>"; };
		2A4FD24A28CF5522006891A3 /* player.json */ = {isa = PBXFileReference; fileEncoding = 4; lastKnownFileType = text.json; path = player.json; sourceTree = "<group>"; };
		2A4FD24B28CF5522006891A3 /* category.json */ = {isa = PBXFileReference; fileEncoding = 4; lastKnownFileType = text.json; path = category.json; sourceTree = "<group>"; };
		2A4FD25128CF55A4006891A3 /* Info.plist */ = {isa = PBXFileReference; lastKnownFileType = text.plist; path = Info.plist; sourceTree = "<group>"; };
		2A4FD25828CF577B006891A3 /* Constant.swift */ = {isa = PBXFileReference; lastKnownFileType = sourcecode.swift; path = Constant.swift; sourceTree = "<group>"; };
		2A4FD25A28CF5845006891A3 /* FooterView.swift */ = {isa = PBXFileReference; lastKnownFileType = sourcecode.swift; path = FooterView.swift; sourceTree = "<group>"; };
		2A4FD25D28CF5C96006891A3 /* NavigationBarView.swift */ = {isa = PBXFileReference; lastKnownFileType = sourcecode.swift; path = NavigationBarView.swift; sourceTree = "<group>"; };
		2A4FD25F28CF5EAE006891A3 /* LogoView.swift */ = {isa = PBXFileReference; lastKnownFileType = sourcecode.swift; path = LogoView.swift; sourceTree = "<group>"; };
		2A4FD26128CF63DC006891A3 /* PlayerModel.swift */ = {isa = PBXFileReference; lastKnownFileType = sourcecode.swift; path = PlayerModel.swift; sourceTree = "<group>"; };
		2A4FD26328CF641A006891A3 /* CodableBundle.swift */ = {isa = PBXFileReference; lastKnownFileType = sourcecode.swift; path = CodableBundle.swift; sourceTree = "<group>"; };
		2A4FD26528CF65C9006891A3 /* FeatureItemView.swift */ = {isa = PBXFileReference; lastKnownFileType = sourcecode.swift; path = FeatureItemView.swift; sourceTree = "<group>"; };
		2A4FD26728CF66A6006891A3 /* FeaturedTabView.swift */ = {isa = PBXFileReference; lastKnownFileType = sourcecode.swift; path = FeaturedTabView.swift; sourceTree = "<group>"; };
		2A4FD26928CF6B9A006891A3 /* CategoryModel.swift */ = {isa = PBXFileReference; lastKnownFileType = sourcecode.swift; path = CategoryModel.swift; sourceTree = "<group>"; };
		2A4FD26B28CF6D1D006891A3 /* CategoryItemView.swift */ = {isa = PBXFileReference; lastKnownFileType = sourcecode.swift; path = CategoryItemView.swift; sourceTree = "<group>"; };
		2A4FD26D28CF6E87006891A3 /* CategoryGridView.swift */ = {isa = PBXFileReference; lastKnownFileType = sourcecode.swift; path = CategoryGridView.swift; sourceTree = "<group>"; };
		2A4FD26F28CF709E006891A3 /* SectionView.swift */ = {isa = PBXFileReference; lastKnownFileType = sourcecode.swift; path = SectionView.swift; sourceTree = "<group>"; };
		2A4FD27128CF72EE006891A3 /* TitleView.swift */ = {isa = PBXFileReference; lastKnownFileType = sourcecode.swift; path = TitleView.swift; sourceTree = "<group>"; };
		2A4FD27328CF73B6006891A3 /* ProductModel.swift */ = {isa = PBXFileReference; lastKnownFileType = sourcecode.swift; path = ProductModel.swift; sourceTree = "<group>"; };
		2A4FD27528CF744B006891A3 /* ProductItemView.swift */ = {isa = PBXFileReference; lastKnownFileType = sourcecode.swift; path = ProductItemView.swift; sourceTree = "<group>"; };
		2A4FD27728CF7AC5006891A3 /* BrandModel.swift */ = {isa = PBXFileReference; lastKnownFileType = sourcecode.swift; path = BrandModel.swift; sourceTree = "<group>"; };
		2A4FD27928CF7B56006891A3 /* BrandItemView.swift */ = {isa = PBXFileReference; lastKnownFileType = sourcecode.swift; path = BrandItemView.swift; sourceTree = "<group>"; };
		2A4FD27B28CF7C15006891A3 /* BrandGridView.swift */ = {isa = PBXFileReference; lastKnownFileType = sourcecode.swift; path = BrandGridView.swift; sourceTree = "<group>"; };
		2A4FD27D28CF7E3D006891A3 /* ProductDetailView.swift */ = {isa = PBXFileReference; lastKnownFileType = sourcecode.swift; path = ProductDetailView.swift; sourceTree = "<group>"; };
		2A4FD27F28CF7F69006891A3 /* NavigationBarDetailView.swift */ = {isa = PBXFileReference; lastKnownFileType = sourcecode.swift; path = NavigationBarDetailView.swift; sourceTree = "<group>"; };
		2A4FD28128CF80A2006891A3 /* HeaderDetailView.swift */ = {isa = PBXFileReference; lastKnownFileType = sourcecode.swift; path = HeaderDetailView.swift; sourceTree = "<group>"; };
		2A4FD28328CF8184006891A3 /* TopPartDetailView.swift */ = {isa = PBXFileReference; lastKnownFileType = sourcecode.swift; path = TopPartDetailView.swift; sourceTree = "<group>"; };
		2A4FD28528CF84D9006891A3 /* CustomShape.swift */ = {isa = PBXFileReference; lastKnownFileType = sourcecode.swift; path = CustomShape.swift; sourceTree = "<group>"; };
		2A94B79428D0A3FD003DE56F /* RatingsSizesDetailView.swift */ = {isa = PBXFileReference; lastKnownFileType = sourcecode.swift; path = RatingsSizesDetailView.swift; sourceTree = "<group>"; };
		2A94B79628D0A763003DE56F /* FavouriteDetailView.swift */ = {isa = PBXFileReference; lastKnownFileType = sourcecode.swift; path = FavouriteDetailView.swift; sourceTree = "<group>"; };
		2A94B79828D0A9A1003DE56F /* AddToCartDetailView.swift */ = {isa = PBXFileReference; lastKnownFileType = sourcecode.swift; path = AddToCartDetailView.swift; sourceTree = "<group>"; };
		2A94B79A28D0AB21003DE56F /* Shop.swift */ = {isa = PBXFileReference; lastKnownFileType = sourcecode.swift; path = Shop.swift; sourceTree = "<group>"; };
/* End PBXFileReference section */

/* Begin PBXFrameworksBuildPhase section */
		2A4FD20C28CF5232006891A3 /* Frameworks */ = {
			isa = PBXFrameworksBuildPhase;
			buildActionMask = 2147483647;
			files = (
			);
			runOnlyForDeploymentPostprocessing = 0;
		};
		2A4FD21C28CF5235006891A3 /* Frameworks */ = {
			isa = PBXFrameworksBuildPhase;
			buildActionMask = 2147483647;
			files = (
			);
			runOnlyForDeploymentPostprocessing = 0;
		};
		2A4FD22628CF5235006891A3 /* Frameworks */ = {
			isa = PBXFrameworksBuildPhase;
			buildActionMask = 2147483647;
			files = (
			);
			runOnlyForDeploymentPostprocessing = 0;
		};
/* End PBXFrameworksBuildPhase section */

/* Begin PBXGroup section */
		2A4FD20628CF5232006891A3 = {
			isa = PBXGroup;
			children = (
				2A4FD21128CF5232006891A3 /* Touchdown */,
				2A4FD22228CF5235006891A3 /* TouchdownTests */,
				2A4FD22C28CF5235006891A3 /* TouchdownUITests */,
				2A4FD21028CF5232006891A3 /* Products */,
			);
			sourceTree = "<group>";
		};
		2A4FD21028CF5232006891A3 /* Products */ = {
			isa = PBXGroup;
			children = (
				2A4FD20F28CF5232006891A3 /* Touchdown.app */,
				2A4FD21F28CF5235006891A3 /* TouchdownTests.xctest */,
				2A4FD22928CF5235006891A3 /* TouchdownUITests.xctest */,
			);
			name = Products;
			sourceTree = "<group>";
		};
		2A4FD21128CF5232006891A3 /* Touchdown */ = {
			isa = PBXGroup;
			children = (
				2A4FD25728CF5757006891A3 /* Utitlity */,
				2A4FD25628CF574A006891A3 /* Extension */,
				2A4FD25328CF5726006891A3 /* Model */,
				2A4FD25228CF5716006891A3 /* View */,
				2A4FD25128CF55A4006891A3 /* Info.plist */,
				2A4FD25C28CF5AD9006891A3 /* App */,
				2A4FD25028CF5532006891A3 /* Data */,
				2A4FD21628CF5235006891A3 /* Assets.xcassets */,
				2A4FD21828CF5235006891A3 /* Preview Content */,
			);
			path = Touchdown;
			sourceTree = "<group>";
		};
		2A4FD21828CF5235006891A3 /* Preview Content */ = {
			isa = PBXGroup;
			children = (
				2A4FD21928CF5235006891A3 /* Preview Assets.xcassets */,
			);
			path = "Preview Content";
			sourceTree = "<group>";
		};
		2A4FD22228CF5235006891A3 /* TouchdownTests */ = {
			isa = PBXGroup;
			children = (
				2A4FD22328CF5235006891A3 /* TouchdownTests.swift */,
			);
			path = TouchdownTests;
			sourceTree = "<group>";
		};
		2A4FD22C28CF5235006891A3 /* TouchdownUITests */ = {
			isa = PBXGroup;
			children = (
				2A4FD22D28CF5235006891A3 /* TouchdownUITests.swift */,
				2A4FD22F28CF5235006891A3 /* TouchdownUITestsLaunchTests.swift */,
			);
			path = TouchdownUITests;
			sourceTree = "<group>";
		};
		2A4FD25028CF5532006891A3 /* Data */ = {
			isa = PBXGroup;
			children = (
				2A4FD24828CF5522006891A3 /* brand.json */,
				2A4FD24B28CF5522006891A3 /* category.json */,
				2A4FD24A28CF5522006891A3 /* player.json */,
				2A4FD24928CF5522006891A3 /* product.json */,
			);
			path = Data;
			sourceTree = "<group>";
		};
		2A4FD25228CF5716006891A3 /* View */ = {
			isa = PBXGroup;
			children = (
				2A4FD25528CF573D006891A3 /* Detail */,
				2A4FD25428CF5733006891A3 /* Home */,
			);
			path = View;
			sourceTree = "<group>";
		};
		2A4FD25328CF5726006891A3 /* Model */ = {
			isa = PBXGroup;
			children = (
				2A4FD26128CF63DC006891A3 /* PlayerModel.swift */,
				2A4FD26928CF6B9A006891A3 /* CategoryModel.swift */,
				2A4FD27328CF73B6006891A3 /* ProductModel.swift */,
				2A4FD27728CF7AC5006891A3 /* BrandModel.swift */,
			);
			path = Model;
			sourceTree = "<group>";
		};
		2A4FD25428CF5733006891A3 /* Home */ = {
			isa = PBXGroup;
			children = (
				2A4FD25A28CF5845006891A3 /* FooterView.swift */,
				2A4FD25D28CF5C96006891A3 /* NavigationBarView.swift */,
				2A4FD25F28CF5EAE006891A3 /* LogoView.swift */,
				2A4FD26528CF65C9006891A3 /* FeatureItemView.swift */,
				2A4FD26728CF66A6006891A3 /* FeaturedTabView.swift */,
				2A4FD26B28CF6D1D006891A3 /* CategoryItemView.swift */,
				2A4FD26D28CF6E87006891A3 /* CategoryGridView.swift */,
				2A4FD26F28CF709E006891A3 /* SectionView.swift */,
				2A4FD27128CF72EE006891A3 /* TitleView.swift */,
				2A4FD27528CF744B006891A3 /* ProductItemView.swift */,
				2A4FD27928CF7B56006891A3 /* BrandItemView.swift */,
				2A4FD27B28CF7C15006891A3 /* BrandGridView.swift */,
			);
			path = Home;
			sourceTree = "<group>";
		};
		2A4FD25528CF573D006891A3 /* Detail */ = {
			isa = PBXGroup;
			children = (
				2A4FD27F28CF7F69006891A3 /* NavigationBarDetailView.swift */,
				2A4FD28128CF80A2006891A3 /* HeaderDetailView.swift */,
				2A4FD28328CF8184006891A3 /* TopPartDetailView.swift */,
				2A94B79428D0A3FD003DE56F /* RatingsSizesDetailView.swift */,
				2A94B79628D0A763003DE56F /* FavouriteDetailView.swift */,
				2A94B79828D0A9A1003DE56F /* AddToCartDetailView.swift */,
			);
			path = Detail;
			sourceTree = "<group>";
		};
		2A4FD25628CF574A006891A3 /* Extension */ = {
			isa = PBXGroup;
			children = (
				2A4FD26328CF641A006891A3 /* CodableBundle.swift */,
			);
			path = Extension;
			sourceTree = "<group>";
		};
		2A4FD25728CF5757006891A3 /* Utitlity */ = {
			isa = PBXGroup;
			children = (
				2A4FD25828CF577B006891A3 /* Constant.swift */,
				2A4FD28528CF84D9006891A3 /* CustomShape.swift */,
				2A94B79A28D0AB21003DE56F /* Shop.swift */,
			);
			path = Utitlity;
			sourceTree = "<group>";
		};
		2A4FD25C28CF5AD9006891A3 /* App */ = {
			isa = PBXGroup;
			children = (
				2A4FD21228CF5232006891A3 /* TouchdownApp.swift */,
				2A4FD21428CF5232006891A3 /* ContentView.swift */,
				2A4FD27D28CF7E3D006891A3 /* ProductDetailView.swift */,
			);
			path = App;
			sourceTree = "<group>";
		};
/* End PBXGroup section */

/* Begin PBXNativeTarget section */
		2A4FD20E28CF5232006891A3 /* Touchdown */ = {
			isa = PBXNativeTarget;
			buildConfigurationList = 2A4FD23328CF5235006891A3 /* Build configuration list for PBXNativeTarget "Touchdown" */;
			buildPhases = (
				2A4FD20B28CF5232006891A3 /* Sources */,
				2A4FD20C28CF5232006891A3 /* Frameworks */,
				2A4FD20D28CF5232006891A3 /* Resources */,
			);
			buildRules = (
			);
			dependencies = (
			);
			name = Touchdown;
			productName = Touchdown;
			productReference = 2A4FD20F28CF5232006891A3 /* Touchdown.app */;
			productType = "com.apple.product-type.application";
		};
		2A4FD21E28CF5235006891A3 /* TouchdownTests */ = {
			isa = PBXNativeTarget;
			buildConfigurationList = 2A4FD23628CF5235006891A3 /* Build configuration list for PBXNativeTarget "TouchdownTests" */;
			buildPhases = (
				2A4FD21B28CF5235006891A3 /* Sources */,
				2A4FD21C28CF5235006891A3 /* Frameworks */,
				2A4FD21D28CF5235006891A3 /* Resources */,
			);
			buildRules = (
			);
			dependencies = (
				2A4FD22128CF5235006891A3 /* PBXTargetDependency */,
			);
			name = TouchdownTests;
			productName = TouchdownTests;
			productReference = 2A4FD21F28CF5235006891A3 /* TouchdownTests.xctest */;
			productType = "com.apple.product-type.bundle.unit-test";
		};
		2A4FD22828CF5235006891A3 /* TouchdownUITests */ = {
			isa = PBXNativeTarget;
			buildConfigurationList = 2A4FD23928CF5235006891A3 /* Build configuration list for PBXNativeTarget "TouchdownUITests" */;
			buildPhases = (
				2A4FD22528CF5235006891A3 /* Sources */,
				2A4FD22628CF5235006891A3 /* Frameworks */,
				2A4FD22728CF5235006891A3 /* Resources */,
			);
			buildRules = (
			);
			dependencies = (
				2A4FD22B28CF5235006891A3 /* PBXTargetDependency */,
			);
			name = TouchdownUITests;
			productName = TouchdownUITests;
			productReference = 2A4FD22928CF5235006891A3 /* TouchdownUITests.xctest */;
			productType = "com.apple.product-type.bundle.ui-testing";
		};
/* End PBXNativeTarget section */

/* Begin PBXProject section */
		2A4FD20728CF5232006891A3 /* Project object */ = {
			isa = PBXProject;
			attributes = {
				BuildIndependentTargetsInParallel = 1;
				LastSwiftUpdateCheck = 1340;
				LastUpgradeCheck = 1340;
				TargetAttributes = {
					2A4FD20E28CF5232006891A3 = {
						CreatedOnToolsVersion = 13.4.1;
					};
					2A4FD21E28CF5235006891A3 = {
						CreatedOnToolsVersion = 13.4.1;
						TestTargetID = 2A4FD20E28CF5232006891A3;
					};
					2A4FD22828CF5235006891A3 = {
						CreatedOnToolsVersion = 13.4.1;
						TestTargetID = 2A4FD20E28CF5232006891A3;
					};
				};
			};
			buildConfigurationList = 2A4FD20A28CF5232006891A3 /* Build configuration list for PBXProject "Touchdown" */;
			compatibilityVersion = "Xcode 13.0";
			developmentRegion = en;
			hasScannedForEncodings = 0;
			knownRegions = (
				en,
				Base,
			);
			mainGroup = 2A4FD20628CF5232006891A3;
			productRefGroup = 2A4FD21028CF5232006891A3 /* Products */;
			projectDirPath = "";
			projectRoot = "";
			targets = (
				2A4FD20E28CF5232006891A3 /* Touchdown */,
				2A4FD21E28CF5235006891A3 /* TouchdownTests */,
				2A4FD22828CF5235006891A3 /* TouchdownUITests */,
			);
		};
/* End PBXProject section */

/* Begin PBXResourcesBuildPhase section */
		2A4FD20D28CF5232006891A3 /* Resources */ = {
			isa = PBXResourcesBuildPhase;
			buildActionMask = 2147483647;
			files = (
				2A4FD24E28CF5522006891A3 /* player.json in Resources */,
				2A4FD21A28CF5235006891A3 /* Preview Assets.xcassets in Resources */,
				2A4FD24D28CF5522006891A3 /* product.json in Resources */,
				2A4FD24F28CF5522006891A3 /* category.json in Resources */,
				2A4FD21728CF5235006891A3 /* Assets.xcassets in Resources */,
				2A4FD24C28CF5522006891A3 /* brand.json in Resources */,
			);
			runOnlyForDeploymentPostprocessing = 0;
		};
		2A4FD21D28CF5235006891A3 /* Resources */ = {
			isa = PBXResourcesBuildPhase;
			buildActionMask = 2147483647;
			files = (
			);
			runOnlyForDeploymentPostprocessing = 0;
		};
		2A4FD22728CF5235006891A3 /* Resources */ = {
			isa = PBXResourcesBuildPhase;
			buildActionMask = 2147483647;
			files = (
			);
			runOnlyForDeploymentPostprocessing = 0;
		};
/* End PBXResourcesBuildPhase section */

/* Begin PBXSourcesBuildPhase section */
		2A4FD20B28CF5232006891A3 /* Sources */ = {
			isa = PBXSourcesBuildPhase;
			buildActionMask = 2147483647;
			files = (
				2A4FD26628CF65C9006891A3 /* FeatureItemView.swift in Sources */,
				2A4FD28228CF80A2006891A3 /* HeaderDetailView.swift in Sources */,
				2A4FD28428CF8184006891A3 /* TopPartDetailView.swift in Sources */,
				2A4FD21528CF5232006891A3 /* ContentView.swift in Sources */,
				2A4FD26028CF5EAE006891A3 /* LogoView.swift in Sources */,
				2A4FD26428CF641A006891A3 /* CodableBundle.swift in Sources */,
				2A4FD25B28CF5845006891A3 /* FooterView.swift in Sources */,
				2A4FD27628CF744B006891A3 /* ProductItemView.swift in Sources */,
				2A94B79928D0A9A1003DE56F /* AddToCartDetailView.swift in Sources */,
				2A4FD27C28CF7C15006891A3 /* BrandGridView.swift in Sources */,
				2A94B79528D0A3FD003DE56F /* RatingsSizesDetailView.swift in Sources */,
				2A4FD21328CF5232006891A3 /* TouchdownApp.swift in Sources */,
				2A4FD27E28CF7E3D006891A3 /* ProductDetailView.swift in Sources */,
				2A4FD28028CF7F69006891A3 /* NavigationBarDetailView.swift in Sources */,
				2A4FD25928CF577B006891A3 /* Constant.swift in Sources */,
				2A94B79728D0A763003DE56F /* FavouriteDetailView.swift in Sources */,
				2A4FD26E28CF6E87006891A3 /* CategoryGridView.swift in Sources */,
				2A4FD26A28CF6B9A006891A3 /* CategoryModel.swift in Sources */,
				2A4FD25E28CF5C96006891A3 /* NavigationBarView.swift in Sources */,
				2A4FD27028CF709E006891A3 /* SectionView.swift in Sources */,
				2A4FD27A28CF7B56006891A3 /* BrandItemView.swift in Sources */,
				2A4FD26C28CF6D1D006891A3 /* CategoryItemView.swift in Sources */,
				2A4FD26828CF66A6006891A3 /* FeaturedTabView.swift in Sources */,
				2A4FD28628CF84D9006891A3 /* CustomShape.swift in Sources */,
				2A94B79B28D0AB21003DE56F /* Shop.swift in Sources */,
				2A4FD26228CF63DC006891A3 /* PlayerModel.swift in Sources */,
				2A4FD27828CF7AC5006891A3 /* BrandModel.swift in Sources */,
				2A4FD27228CF72EE006891A3 /* TitleView.swift in Sources */,
				2A4FD27428CF73B6006891A3 /* ProductModel.swift in Sources */,
			);
			runOnlyForDeploymentPostprocessing = 0;
		};
		2A4FD21B28CF5235006891A3 /* Sources */ = {
			isa = PBXSourcesBuildPhase;
			buildActionMask = 2147483647;
			files = (
				2A4FD22428CF5235006891A3 /* TouchdownTests.swift in Sources */,
			);
			runOnlyForDeploymentPostprocessing = 0;
		};
		2A4FD22528CF5235006891A3 /* Sources */ = {
			isa = PBXSourcesBuildPhase;
			buildActionMask = 2147483647;
			files = (
				2A4FD23028CF5235006891A3 /* TouchdownUITestsLaunchTests.swift in Sources */,
				2A4FD22E28CF5235006891A3 /* TouchdownUITests.swift in Sources */,
			);
			runOnlyForDeploymentPostprocessing = 0;
		};
/* End PBXSourcesBuildPhase section */

/* Begin PBXTargetDependency section */
		2A4FD22128CF5235006891A3 /* PBXTargetDependency */ = {
			isa = PBXTargetDependency;
			target = 2A4FD20E28CF5232006891A3 /* Touchdown */;
			targetProxy = 2A4FD22028CF5235006891A3 /* PBXContainerItemProxy */;
		};
		2A4FD22B28CF5235006891A3 /* PBXTargetDependency */ = {
			isa = PBXTargetDependency;
			target = 2A4FD20E28CF5232006891A3 /* Touchdown */;
			targetProxy = 2A4FD22A28CF5235006891A3 /* PBXContainerItemProxy */;
		};
/* End PBXTargetDependency section */

/* Begin XCBuildConfiguration section */
		2A4FD23128CF5235006891A3 /* Debug */ = {
			isa = XCBuildConfiguration;
			buildSettings = {
				ALWAYS_SEARCH_USER_PATHS = NO;
				CLANG_ANALYZER_NONNULL = YES;
				CLANG_ANALYZER_NUMBER_OBJECT_CONVERSION = YES_AGGRESSIVE;
				CLANG_CXX_LANGUAGE_STANDARD = "gnu++17";
				CLANG_ENABLE_MODULES = YES;
				CLANG_ENABLE_OBJC_ARC = YES;
				CLANG_ENABLE_OBJC_WEAK = YES;
				CLANG_WARN_BLOCK_CAPTURE_AUTORELEASING = YES;
				CLANG_WARN_BOOL_CONVERSION = YES;
				CLANG_WARN_COMMA = YES;
				CLANG_WARN_CONSTANT_CONVERSION = YES;
				CLANG_WARN_DEPRECATED_OBJC_IMPLEMENTATIONS = YES;
				CLANG_WARN_DIRECT_OBJC_ISA_USAGE = YES_ERROR;
				CLANG_WARN_DOCUMENTATION_COMMENTS = YES;
				CLANG_WARN_EMPTY_BODY = YES;
				CLANG_WARN_ENUM_CONVERSION = YES;
				CLANG_WARN_INFINITE_RECURSION = YES;
				CLANG_WARN_INT_CONVERSION = YES;
				CLANG_WARN_NON_LITERAL_NULL_CONVERSION = YES;
				CLANG_WARN_OBJC_IMPLICIT_RETAIN_SELF = YES;
				CLANG_WARN_OBJC_LITERAL_CONVERSION = YES;
				CLANG_WARN_OBJC_ROOT_CLASS = YES_ERROR;
				CLANG_WARN_QUOTED_INCLUDE_IN_FRAMEWORK_HEADER = YES;
				CLANG_WARN_RANGE_LOOP_ANALYSIS = YES;
				CLANG_WARN_STRICT_PROTOTYPES = YES;
				CLANG_WARN_SUSPICIOUS_MOVE = YES;
				CLANG_WARN_UNGUARDED_AVAILABILITY = YES_AGGRESSIVE;
				CLANG_WARN_UNREACHABLE_CODE = YES;
				CLANG_WARN__DUPLICATE_METHOD_MATCH = YES;
				COPY_PHASE_STRIP = NO;
				DEBUG_INFORMATION_FORMAT = dwarf;
				ENABLE_STRICT_OBJC_MSGSEND = YES;
				ENABLE_TESTABILITY = YES;
				GCC_C_LANGUAGE_STANDARD = gnu11;
				GCC_DYNAMIC_NO_PIC = NO;
				GCC_NO_COMMON_BLOCKS = YES;
				GCC_OPTIMIZATION_LEVEL = 0;
				GCC_PREPROCESSOR_DEFINITIONS = (
					"DEBUG=1",
					"$(inherited)",
				);
				GCC_WARN_64_TO_32_BIT_CONVERSION = YES;
				GCC_WARN_ABOUT_RETURN_TYPE = YES_ERROR;
				GCC_WARN_UNDECLARED_SELECTOR = YES;
				GCC_WARN_UNINITIALIZED_AUTOS = YES_AGGRESSIVE;
				GCC_WARN_UNUSED_FUNCTION = YES;
				GCC_WARN_UNUSED_VARIABLE = YES;
				IPHONEOS_DEPLOYMENT_TARGET = 15.5;
				MTL_ENABLE_DEBUG_INFO = INCLUDE_SOURCE;
				MTL_FAST_MATH = YES;
				ONLY_ACTIVE_ARCH = YES;
				SDKROOT = iphoneos;
				SWIFT_ACTIVE_COMPILATION_CONDITIONS = DEBUG;
				SWIFT_OPTIMIZATION_LEVEL = "-Onone";
			};
			name = Debug;
		};
		2A4FD23228CF5235006891A3 /* Release */ = {
			isa = XCBuildConfiguration;
			buildSettings = {
				ALWAYS_SEARCH_USER_PATHS = NO;
				CLANG_ANALYZER_NONNULL = YES;
				CLANG_ANALYZER_NUMBER_OBJECT_CONVERSION = YES_AGGRESSIVE;
				CLANG_CXX_LANGUAGE_STANDARD = "gnu++17";
				CLANG_ENABLE_MODULES = YES;
				CLANG_ENABLE_OBJC_ARC = YES;
				CLANG_ENABLE_OBJC_WEAK = YES;
				CLANG_WARN_BLOCK_CAPTURE_AUTORELEASING = YES;
				CLANG_WARN_BOOL_CONVERSION = YES;
				CLANG_WARN_COMMA = YES;
				CLANG_WARN_CONSTANT_CONVERSION = YES;
				CLANG_WARN_DEPRECATED_OBJC_IMPLEMENTATIONS = YES;
				CLANG_WARN_DIRECT_OBJC_ISA_USAGE = YES_ERROR;
				CLANG_WARN_DOCUMENTATION_COMMENTS = YES;
				CLANG_WARN_EMPTY_BODY = YES;
				CLANG_WARN_ENUM_CONVERSION = YES;
				CLANG_WARN_INFINITE_RECURSION = YES;
				CLANG_WARN_INT_CONVERSION = YES;
				CLANG_WARN_NON_LITERAL_NULL_CONVERSION = YES;
				CLANG_WARN_OBJC_IMPLICIT_RETAIN_SELF = YES;
				CLANG_WARN_OBJC_LITERAL_CONVERSION = YES;
				CLANG_WARN_OBJC_ROOT_CLASS = YES_ERROR;
				CLANG_WARN_QUOTED_INCLUDE_IN_FRAMEWORK_HEADER = YES;
				CLANG_WARN_RANGE_LOOP_ANALYSIS = YES;
				CLANG_WARN_STRICT_PROTOTYPES = YES;
				CLANG_WARN_SUSPICIOUS_MOVE = YES;
				CLANG_WARN_UNGUARDED_AVAILABILITY = YES_AGGRESSIVE;
				CLANG_WARN_UNREACHABLE_CODE = YES;
				CLANG_WARN__DUPLICATE_METHOD_MATCH = YES;
				COPY_PHASE_STRIP = NO;
				DEBUG_INFORMATION_FORMAT = "dwarf-with-dsym";
				ENABLE_NS_ASSERTIONS = NO;
				ENABLE_STRICT_OBJC_MSGSEND = YES;
				GCC_C_LANGUAGE_STANDARD = gnu11;
				GCC_NO_COMMON_BLOCKS = YES;
				GCC_WARN_64_TO_32_BIT_CONVERSION = YES;
				GCC_WARN_ABOUT_RETURN_TYPE = YES_ERROR;
				GCC_WARN_UNDECLARED_SELECTOR = YES;
				GCC_WARN_UNINITIALIZED_AUTOS = YES_AGGRESSIVE;
				GCC_WARN_UNUSED_FUNCTION = YES;
				GCC_WARN_UNUSED_VARIABLE = YES;
				IPHONEOS_DEPLOYMENT_TARGET = 15.5;
				MTL_ENABLE_DEBUG_INFO = NO;
				MTL_FAST_MATH = YES;
				SDKROOT = iphoneos;
				SWIFT_COMPILATION_MODE = wholemodule;
				SWIFT_OPTIMIZATION_LEVEL = "-O";
				VALIDATE_PRODUCT = YES;
			};
			name = Release;
		};
		2A4FD23428CF5235006891A3 /* Debug */ = {
			isa = XCBuildConfiguration;
			buildSettings = {
				ASSETCATALOG_COMPILER_APPICON_NAME = AppIcon;
				ASSETCATALOG_COMPILER_GLOBAL_ACCENT_COLOR_NAME = AccentColor;
				CODE_SIGN_STYLE = Automatic;
				CURRENT_PROJECT_VERSION = 1;
				DEVELOPMENT_ASSET_PATHS = "\"Touchdown/Preview Content\"";
				DEVELOPMENT_TEAM = 9JRM3SAZ2F;
				ENABLE_PREVIEWS = YES;
				GENERATE_INFOPLIST_FILE = YES;
				INFOPLIST_FILE = Touchdown/Info.plist;
				INFOPLIST_KEY_LSApplicationCategoryType = "";
				INFOPLIST_KEY_UIApplicationSceneManifest_Generation = YES;
				INFOPLIST_KEY_UIApplicationSupportsIndirectInputEvents = YES;
				INFOPLIST_KEY_UISupportedInterfaceOrientations = UIInterfaceOrientationPortrait;
				INFOPLIST_KEY_UISupportedInterfaceOrientations_iPad = "UIInterfaceOrientationPortrait UIInterfaceOrientationPortraitUpsideDown UIInterfaceOrientationLandscapeLeft UIInterfaceOrientationLandscapeRight";
				INFOPLIST_KEY_UISupportedInterfaceOrientations_iPhone = "UIInterfaceOrientationPortrait UIInterfaceOrientationLandscapeLeft UIInterfaceOrientationLandscapeRight";
				INFOPLIST_KEY_UIUserInterfaceStyle = Light;
				LD_RUNPATH_SEARCH_PATHS = (
					"$(inherited)",
					"@executable_path/Frameworks",
				);
				MARKETING_VERSION = 1.0;
				PRODUCT_BUNDLE_IDENTIFIER = hazemsmawy.Touchdown;
				PRODUCT_NAME = "$(TARGET_NAME)";
				SWIFT_EMIT_LOC_STRINGS = YES;
				SWIFT_VERSION = 5.0;
				TARGETED_DEVICE_FAMILY = "1,2";
			};
			name = Debug;
		};
		2A4FD23528CF5235006891A3 /* Release */ = {
			isa = XCBuildConfiguration;
			buildSettings = {
				ASSETCATALOG_COMPILER_APPICON_NAME = AppIcon;
				ASSETCATALOG_COMPILER_GLOBAL_ACCENT_COLOR_NAME = AccentColor;
				CODE_SIGN_STYLE = Automatic;
				CURRENT_PROJECT_VERSION = 1;
				DEVELOPMENT_ASSET_PATHS = "\"Touchdown/Preview Content\"";
				DEVELOPMENT_TEAM = 9JRM3SAZ2F;
				ENABLE_PREVIEWS = YES;
				GENERATE_INFOPLIST_FILE = YES;
				INFOPLIST_FILE = Touchdown/Info.plist;
				INFOPLIST_KEY_LSApplicationCategoryType = "";
				INFOPLIST_KEY_UIApplicationSceneManifest_Generation = YES;
				INFOPLIST_KEY_UIApplicationSupportsIndirectInputEvents = YES;
				INFOPLIST_KEY_UISupportedInterfaceOrientations = UIInterfaceOrientationPortrait;
				INFOPLIST_KEY_UISupportedInterfaceOrientations_iPad = "UIInterfaceOrientationPortrait UIInterfaceOrientationPortraitUpsideDown UIInterfaceOrientationLandscapeLeft UIInterfaceOrientationLandscapeRight";
				INFOPLIST_KEY_UISupportedInterfaceOrientations_iPhone = "UIInterfaceOrientationPortrait UIInterfaceOrientationLandscapeLeft UIInterfaceOrientationLandscapeRight";
				INFOPLIST_KEY_UIUserInterfaceStyle = Light;
				LD_RUNPATH_SEARCH_PATHS = (
					"$(inherited)",
					"@executable_path/Frameworks",
				);
				MARKETING_VERSION = 1.0;
				PRODUCT_BUNDLE_IDENTIFIER = hazemsmawy.Touchdown;
				PRODUCT_NAME = "$(TARGET_NAME)";
				SWIFT_EMIT_LOC_STRINGS = YES;
				SWIFT_VERSION = 5.0;
				TARGETED_DEVICE_FAMILY = "1,2";
			};
			name = Release;
		};
		2A4FD23728CF5235006891A3 /* Debug */ = {
			isa = XCBuildConfiguration;
			buildSettings = {
				ALWAYS_EMBED_SWIFT_STANDARD_LIBRARIES = YES;
				BUNDLE_LOADER = "$(TEST_HOST)";
				CODE_SIGN_STYLE = Automatic;
				CURRENT_PROJECT_VERSION = 1;
				DEVELOPMENT_TEAM = 9JRM3SAZ2F;
				GENERATE_INFOPLIST_FILE = YES;
				IPHONEOS_DEPLOYMENT_TARGET = 15.5;
				MARKETING_VERSION = 1.0;
				PRODUCT_BUNDLE_IDENTIFIER = hazemsmawy.TouchdownTests;
				PRODUCT_NAME = "$(TARGET_NAME)";
				SWIFT_EMIT_LOC_STRINGS = NO;
				SWIFT_VERSION = 5.0;
				TARGETED_DEVICE_FAMILY = "1,2";
				TEST_HOST = "$(BUILT_PRODUCTS_DIR)/Touchdown.app/Touchdown";
			};
			name = Debug;
		};
		2A4FD23828CF5235006891A3 /* Release */ = {
			isa = XCBuildConfiguration;
			buildSettings = {
				ALWAYS_EMBED_SWIFT_STANDARD_LIBRARIES = YES;
				BUNDLE_LOADER = "$(TEST_HOST)";
				CODE_SIGN_STYLE = Automatic;
				CURRENT_PROJECT_VERSION = 1;
				DEVELOPMENT_TEAM = 9JRM3SAZ2F;
				GENERATE_INFOPLIST_FILE = YES;
				IPHONEOS_DEPLOYMENT_TARGET = 15.5;
				MARKETING_VERSION = 1.0;
				PRODUCT_BUNDLE_IDENTIFIER = hazemsmawy.TouchdownTests;
				PRODUCT_NAME = "$(TARGET_NAME)";
				SWIFT_EMIT_LOC_STRINGS = NO;
				SWIFT_VERSION = 5.0;
				TARGETED_DEVICE_FAMILY = "1,2";
				TEST_HOST = "$(BUILT_PRODUCTS_DIR)/Touchdown.app/Touchdown";
			};
			name = Release;
		};
		2A4FD23A28CF5235006891A3 /* Debug */ = {
			isa = XCBuildConfiguration;
			buildSettings = {
				ALWAYS_EMBED_SWIFT_STANDARD_LIBRARIES = YES;
				CODE_SIGN_STYLE = Automatic;
				CURRENT_PROJECT_VERSION = 1;
				DEVELOPMENT_TEAM = 9JRM3SAZ2F;
				GENERATE_INFOPLIST_FILE = YES;
				MARKETING_VERSION = 1.0;
				PRODUCT_BUNDLE_IDENTIFIER = hazemsmawy.TouchdownUITests;
				PRODUCT_NAME = "$(TARGET_NAME)";
				SWIFT_EMIT_LOC_STRINGS = NO;
				SWIFT_VERSION = 5.0;
				TARGETED_DEVICE_FAMILY = "1,2";
				TEST_TARGET_NAME = Touchdown;
			};
			name = Debug;
		};
		2A4FD23B28CF5235006891A3 /* Release */ = {
			isa = XCBuildConfiguration;
			buildSettings = {
				ALWAYS_EMBED_SWIFT_STANDARD_LIBRARIES = YES;
				CODE_SIGN_STYLE = Automatic;
				CURRENT_PROJECT_VERSION = 1;
				DEVELOPMENT_TEAM = 9JRM3SAZ2F;
				GENERATE_INFOPLIST_FILE = YES;
				MARKETING_VERSION = 1.0;
				PRODUCT_BUNDLE_IDENTIFIER = hazemsmawy.TouchdownUITests;
				PRODUCT_NAME = "$(TARGET_NAME)";
				SWIFT_EMIT_LOC_STRINGS = NO;
				SWIFT_VERSION = 5.0;
				TARGETED_DEVICE_FAMILY = "1,2";
				TEST_TARGET_NAME = Touchdown;
			};
			name = Release;
		};
/* End XCBuildConfiguration section */

/* Begin XCConfigurationList section */
		2A4FD20A28CF5232006891A3 /* Build configuration list for PBXProject "Touchdown" */ = {
			isa = XCConfigurationList;
			buildConfigurations = (
				2A4FD23128CF5235006891A3 /* Debug */,
				2A4FD23228CF5235006891A3 /* Release */,
			);
			defaultConfigurationIsVisible = 0;
			defaultConfigurationName = Release;
		};
		2A4FD23328CF5235006891A3 /* Build configuration list for PBXNativeTarget "Touchdown" */ = {
			isa = XCConfigurationList;
			buildConfigurations = (
				2A4FD23428CF5235006891A3 /* Debug */,
				2A4FD23528CF5235006891A3 /* Release */,
			);
			defaultConfigurationIsVisible = 0;
			defaultConfigurationName = Release;
		};
		2A4FD23628CF5235006891A3 /* Build configuration list for PBXNativeTarget "TouchdownTests" */ = {
			isa = XCConfigurationList;
			buildConfigurations = (
				2A4FD23728CF5235006891A3 /* Debug */,
				2A4FD23828CF5235006891A3 /* Release */,
			);
			defaultConfigurationIsVisible = 0;
			defaultConfigurationName = Release;
		};
		2A4FD23928CF5235006891A3 /* Build configuration list for PBXNativeTarget "TouchdownUITests" */ = {
			isa = XCConfigurationList;
			buildConfigurations = (
				2A4FD23A28CF5235006891A3 /* Debug */,
				2A4FD23B28CF5235006891A3 /* Release */,
			);
			defaultConfigurationIsVisible = 0;
			defaultConfigurationName = Release;
		};
/* End XCConfigurationList section */
	};
	rootObject = 2A4FD20728CF5232006891A3 /* Project object */;
}
